
Microsoft Visual Studio Solution File, Format Version 12.00
# Visual Studio Version 16
VisualStudioVersion = 16.0.31729.503
MinimumVisualStudioVersion = 10.0.40219.1
Project("{FAE04EC0-301F-11D3-BF4B-00C04F79EFBC}") = "HelloApp", "HelloApp.csproj", "{EAC0C2A0-5F5C-429C-841C-A47DB2514905}"
EndProject
Global
	GlobalSection(SolutionConfigurationPlatforms) = preSolution
		Debug|Any CPU = Debug|Any CPU
		Release|Any CPU = Release|Any CPU
	EndGlobalSection
	GlobalSection(ProjectConfigurationPlatforms) = postSolution
		{EAC0C2A0-5F5C-429C-841C-A47DB2514905}.Debug|Any CPU.ActiveCfg = Debug|Any CPU
		{EAC0C2A0-5F5C-429C-841C-A47DB2514905}.Debug|Any CPU.Build.0 = Debug|Any CPU
		{EAC0C2A0-5F5C-429C-841C-A47DB2514905}.Release|Any CPU.ActiveCfg = Release|Any CPU
		{EAC0C2A0-5F5C-429C-841C-A47DB2514905}.Release|Any CPU.Build.0 = Release|Any CPU
	EndGlobalSection
	GlobalSection(SolutionProperties) = preSolution
		HideSolutionNode = FALSE
	EndGlobalSection
	GlobalSection(ExtensibilityGlobals) = postSolution
		SolutionGuid = {D11C6AD9-F181-46B9-8B59-FC7435790F98}
	EndGlobalSection
EndGlobal
